// !$*UTF8*$!
{
	archiveVersion = 1;
	classes = {
	};
	objectVersion = 56;
	objects = {

/* Begin PBXBuildFile section */
		631D7B05298626D100EAE5F6 /* NotesApp.swift in Sources */ = {isa = PBXBuildFile; fileRef = 631D7B04298626D100EAE5F6 /* NotesApp.swift */; };
		631D7B07298626D100EAE5F6 /* ContentView.swift in Sources */ = {isa = PBXBuildFile; fileRef = 631D7B06298626D100EAE5F6 /* ContentView.swift */; };
		631D7B09298626D300EAE5F6 /* Assets.xcassets in Resources */ = {isa = PBXBuildFile; fileRef = 631D7B08298626D300EAE5F6 /* Assets.xcassets */; };
		631D7B0D298626D300EAE5F6 /* Preview Assets.xcassets in Resources */ = {isa = PBXBuildFile; fileRef = 631D7B0C298626D300EAE5F6 /* Preview Assets.xcassets */; };
		631D7B17298626D300EAE5F6 /* NotesTests.swift in Sources */ = {isa = PBXBuildFile; fileRef = 631D7B16298626D300EAE5F6 /* NotesTests.swift */; };
		631D7B21298626D300EAE5F6 /* NotesUITests.swift in Sources */ = {isa = PBXBuildFile; fileRef = 631D7B20298626D300EAE5F6 /* NotesUITests.swift */; };
		631D7B23298626D300EAE5F6 /* NotesUITestsLaunchTests.swift in Sources */ = {isa = PBXBuildFile; fileRef = 631D7B22298626D300EAE5F6 /* NotesUITestsLaunchTests.swift */; };
		631D7B34298626E100EAE5F6 /* Note.swift in Sources */ = {isa = PBXBuildFile; fileRef = 631D7B31298626E100EAE5F6 /* Note.swift */; };
		631D7B35298626E100EAE5F6 /* Home.swift in Sources */ = {isa = PBXBuildFile; fileRef = 631D7B33298626E100EAE5F6 /* Home.swift */; };
		631D7B3F29863CA300EAE5F6 /* Notes_iOS_App.swift in Sources */ = {isa = PBXBuildFile; fileRef = 631D7B3E29863CA300EAE5F6 /* Notes_iOS_App.swift */; };
		631D7B4329863CA400EAE5F6 /* Assets.xcassets in Resources */ = {isa = PBXBuildFile; fileRef = 631D7B4229863CA400EAE5F6 /* Assets.xcassets */; };
		631D7B4629863CA400EAE5F6 /* Preview Assets.xcassets in Resources */ = {isa = PBXBuildFile; fileRef = 631D7B4529863CA400EAE5F6 /* Preview Assets.xcassets */; };
		631D7B5029863CA500EAE5F6 /* Notes_iOS_Tests.swift in Sources */ = {isa = PBXBuildFile; fileRef = 631D7B4F29863CA500EAE5F6 /* Notes_iOS_Tests.swift */; };
		631D7B5A29863CA500EAE5F6 /* Notes_iOS_UITests.swift in Sources */ = {isa = PBXBuildFile; fileRef = 631D7B5929863CA500EAE5F6 /* Notes_iOS_UITests.swift */; };
		631D7B5C29863CA500EAE5F6 /* Notes_iOS_UITestsLaunchTests.swift in Sources */ = {isa = PBXBuildFile; fileRef = 631D7B5B29863CA500EAE5F6 /* Notes_iOS_UITestsLaunchTests.swift */; };
		631D7B6629863CB400EAE5F6 /* BlurView.swift in Sources */ = {isa = PBXBuildFile; fileRef = 631D7B362986382E00EAE5F6 /* BlurView.swift */; };
		631D7B6729863CDC00EAE5F6 /* Note.swift in Sources */ = {isa = PBXBuildFile; fileRef = 631D7B31298626E100EAE5F6 /* Note.swift */; };
		631D7B6829863CDF00EAE5F6 /* Home.swift in Sources */ = {isa = PBXBuildFile; fileRef = 631D7B33298626E100EAE5F6 /* Home.swift */; };
		631D7B6A29863D0E00EAE5F6 /* ContentView.swift in Sources */ = {isa = PBXBuildFile; fileRef = 631D7B06298626D100EAE5F6 /* ContentView.swift */; };
/* End PBXBuildFile section */

/* Begin PBXContainerItemProxy section */
		631D7B13298626D300EAE5F6 /* PBXContainerItemProxy */ = {
			isa = PBXContainerItemProxy;
			containerPortal = 631D7AF9298626D100EAE5F6 /* Project object */;
			proxyType = 1;
			remoteGlobalIDString = 631D7B00298626D100EAE5F6;
			remoteInfo = Notes;
		};
		631D7B1D298626D300EAE5F6 /* PBXContainerItemProxy */ = {
			isa = PBXContainerItemProxy;
			containerPortal = 631D7AF9298626D100EAE5F6 /* Project object */;
			proxyType = 1;
			remoteGlobalIDString = 631D7B00298626D100EAE5F6;
			remoteInfo = Notes;
		};
		631D7B4C29863CA400EAE5F6 /* PBXContainerItemProxy */ = {
			isa = PBXContainerItemProxy;
			containerPortal = 631D7AF9298626D100EAE5F6 /* Project object */;
			proxyType = 1;
			remoteGlobalIDString = 631D7B3B29863CA200EAE5F6;
			remoteInfo = "Notes(iOS)";
		};
		631D7B5629863CA500EAE5F6 /* PBXContainerItemProxy */ = {
			isa = PBXContainerItemProxy;
			containerPortal = 631D7AF9298626D100EAE5F6 /* Project object */;
			proxyType = 1;
			remoteGlobalIDString = 631D7B3B29863CA200EAE5F6;
			remoteInfo = "Notes(iOS)";
		};
/* End PBXContainerItemProxy section */

/* Begin PBXFileReference section */
		631D7B01298626D100EAE5F6 /* Notes.app */ = {isa = PBXFileReference; explicitFileType = wrapper.application; includeInIndex = 0; path = Notes.app; sourceTree = BUILT_PRODUCTS_DIR; };
		631D7B04298626D100EAE5F6 /* NotesApp.swift */ = {isa = PBXFileReference; lastKnownFileType = sourcecode.swift; path = NotesApp.swift; sourceTree = "<group>"; };
		631D7B06298626D100EAE5F6 /* ContentView.swift */ = {isa = PBXFileReference; lastKnownFileType = sourcecode.swift; path = ContentView.swift; sourceTree = "<group>"; };
		631D7B08298626D300EAE5F6 /* Assets.xcassets */ = {isa = PBXFileReference; lastKnownFileType = folder.assetcatalog; path = Assets.xcassets; sourceTree = "<group>"; };
		631D7B0A298626D300EAE5F6 /* Notes.entitlements */ = {isa = PBXFileReference; lastKnownFileType = text.plist.entitlements; path = Notes.entitlements; sourceTree = "<group>"; };
		631D7B0C298626D300EAE5F6 /* Preview Assets.xcassets */ = {isa = PBXFileReference; lastKnownFileType = folder.assetcatalog; path = "Preview Assets.xcassets"; sourceTree = "<group>"; };
		631D7B12298626D300EAE5F6 /* NotesTests.xctest */ = {isa = PBXFileReference; explicitFileType = wrapper.cfbundle; includeInIndex = 0; path = NotesTests.xctest; sourceTree = BUILT_PRODUCTS_DIR; };
		631D7B16298626D300EAE5F6 /* NotesTests.swift */ = {isa = PBXFileReference; lastKnownFileType = sourcecode.swift; path = NotesTests.swift; sourceTree = "<group>"; };
		631D7B1C298626D300EAE5F6 /* NotesUITests.xctest */ = {isa = PBXFileReference; explicitFileType = wrapper.cfbundle; includeInIndex = 0; path = NotesUITests.xctest; sourceTree = BUILT_PRODUCTS_DIR; };
		631D7B20298626D300EAE5F6 /* NotesUITests.swift */ = {isa = PBXFileReference; lastKnownFileType = sourcecode.swift; path = NotesUITests.swift; sourceTree = "<group>"; };
		631D7B22298626D300EAE5F6 /* NotesUITestsLaunchTests.swift */ = {isa = PBXFileReference; lastKnownFileType = sourcecode.swift; path = NotesUITestsLaunchTests.swift; sourceTree = "<group>"; };
		631D7B31298626E100EAE5F6 /* Note.swift */ = {isa = PBXFileReference; fileEncoding = 4; lastKnownFileType = sourcecode.swift; path = Note.swift; sourceTree = "<group>"; };
		631D7B33298626E100EAE5F6 /* Home.swift */ = {isa = PBXFileReference; fileEncoding = 4; lastKnownFileType = sourcecode.swift; path = Home.swift; sourceTree = "<group>"; };
		631D7B362986382E00EAE5F6 /* BlurView.swift */ = {isa = PBXFileReference; lastKnownFileType = sourcecode.swift; path = BlurView.swift; sourceTree = "<group>"; };
		631D7B3C29863CA200EAE5F6 /* Notes(iOS).app */ = {isa = PBXFileReference; explicitFileType = wrapper.application; includeInIndex = 0; path = "Notes(iOS).app"; sourceTree = BUILT_PRODUCTS_DIR; };
		631D7B3E29863CA300EAE5F6 /* Notes_iOS_App.swift */ = {isa = PBXFileReference; lastKnownFileType = sourcecode.swift; path = Notes_iOS_App.swift; sourceTree = "<group>"; };
		631D7B4229863CA400EAE5F6 /* Assets.xcassets */ = {isa = PBXFileReference; lastKnownFileType = folder.assetcatalog; path = Assets.xcassets; sourceTree = "<group>"; };
		631D7B4529863CA400EAE5F6 /* Preview Assets.xcassets */ = {isa = PBXFileReference; lastKnownFileType = folder.assetcatalog; path = "Preview Assets.xcassets"; sourceTree = "<group>"; };
		631D7B4B29863CA400EAE5F6 /* Notes(iOS)Tests.xctest */ = {isa = PBXFileReference; explicitFileType = wrapper.cfbundle; includeInIndex = 0; path = "Notes(iOS)Tests.xctest"; sourceTree = BUILT_PRODUCTS_DIR; };
		631D7B4F29863CA500EAE5F6 /* Notes_iOS_Tests.swift */ = {isa = PBXFileReference; lastKnownFileType = sourcecode.swift; path = Notes_iOS_Tests.swift; sourceTree = "<group>"; };
		631D7B5529863CA500EAE5F6 /* Notes(iOS)UITests.xctest */ = {isa = PBXFileReference; explicitFileType = wrapper.cfbundle; includeInIndex = 0; path = "Notes(iOS)UITests.xctest"; sourceTree = BUILT_PRODUCTS_DIR; };
		631D7B5929863CA500EAE5F6 /* Notes_iOS_UITests.swift */ = {isa = PBXFileReference; lastKnownFileType = sourcecode.swift; path = Notes_iOS_UITests.swift; sourceTree = "<group>"; };
		631D7B5B29863CA500EAE5F6 /* Notes_iOS_UITestsLaunchTests.swift */ = {isa = PBXFileReference; lastKnownFileType = sourcecode.swift; path = Notes_iOS_UITestsLaunchTests.swift; sourceTree = "<group>"; };
/* End PBXFileReference section */

/* Begin PBXFrameworksBuildPhase section */
		631D7AFE298626D100EAE5F6 /* Frameworks */ = {
			isa = PBXFrameworksBuildPhase;
			buildActionMask = 2147483647;
			files = (
			);
			runOnlyForDeploymentPostprocessing = 0;
		};
		631D7B0F298626D300EAE5F6 /* Frameworks */ = {
			isa = PBXFrameworksBuildPhase;
			buildActionMask = 2147483647;
			files = (
			);
			runOnlyForDeploymentPostprocessing = 0;
		};
		631D7B19298626D300EAE5F6 /* Frameworks */ = {
			isa = PBXFrameworksBuildPhase;
			buildActionMask = 2147483647;
			files = (
			);
			runOnlyForDeploymentPostprocessing = 0;
		};
		631D7B3929863CA200EAE5F6 /* Frameworks */ = {
			isa = PBXFrameworksBuildPhase;
			buildActionMask = 2147483647;
			files = (
			);
			runOnlyForDeploymentPostprocessing = 0;
		};
		631D7B4829863CA400EAE5F6 /* Frameworks */ = {
			isa = PBXFrameworksBuildPhase;
			buildActionMask = 2147483647;
			files = (
			);
			runOnlyForDeploymentPostprocessing = 0;
		};
		631D7B5229863CA500EAE5F6 /* Frameworks */ = {
			isa = PBXFrameworksBuildPhase;
			buildActionMask = 2147483647;
			files = (
			);
			runOnlyForDeploymentPostprocessing = 0;
		};
/* End PBXFrameworksBuildPhase section */

/* Begin PBXGroup section */
		631D7AF8298626D100EAE5F6 = {
			isa = PBXGroup;
			children = (
				631D7B03298626D100EAE5F6 /* Notes */,
				631D7B15298626D300EAE5F6 /* NotesTests */,
				631D7B1F298626D300EAE5F6 /* NotesUITests */,
				631D7B3D29863CA300EAE5F6 /* Notes(iOS) */,
				631D7B4E29863CA500EAE5F6 /* Notes(iOS)Tests */,
				631D7B5829863CA500EAE5F6 /* Notes(iOS)UITests */,
				631D7B02298626D100EAE5F6 /* Products */,
			);
			sourceTree = "<group>";
		};
		631D7B02298626D100EAE5F6 /* Products */ = {
			isa = PBXGroup;
			children = (
				631D7B01298626D100EAE5F6 /* Notes.app */,
				631D7B12298626D300EAE5F6 /* NotesTests.xctest */,
				631D7B1C298626D300EAE5F6 /* NotesUITests.xctest */,
				631D7B3C29863CA200EAE5F6 /* Notes(iOS).app */,
				631D7B4B29863CA400EAE5F6 /* Notes(iOS)Tests.xctest */,
				631D7B5529863CA500EAE5F6 /* Notes(iOS)UITests.xctest */,
			);
			name = Products;
			sourceTree = "<group>";
		};
		631D7B03298626D100EAE5F6 /* Notes */ = {
			isa = PBXGroup;
			children = (
				631D7B2F298626E100EAE5F6 /* Shared */,
				631D7B04298626D100EAE5F6 /* NotesApp.swift */,
				631D7B06298626D100EAE5F6 /* ContentView.swift */,
				631D7B08298626D300EAE5F6 /* Assets.xcassets */,
				631D7B0A298626D300EAE5F6 /* Notes.entitlements */,
				631D7B0B298626D300EAE5F6 /* Preview Content */,
			);
			path = Notes;
			sourceTree = "<group>";
		};
		631D7B0B298626D300EAE5F6 /* Preview Content */ = {
			isa = PBXGroup;
			children = (
				631D7B0C298626D300EAE5F6 /* Preview Assets.xcassets */,
			);
			path = "Preview Content";
			sourceTree = "<group>";
		};
		631D7B15298626D300EAE5F6 /* NotesTests */ = {
			isa = PBXGroup;
			children = (
				631D7B16298626D300EAE5F6 /* NotesTests.swift */,
			);
			path = NotesTests;
			sourceTree = "<group>";
		};
		631D7B1F298626D300EAE5F6 /* NotesUITests */ = {
			isa = PBXGroup;
			children = (
				631D7B20298626D300EAE5F6 /* NotesUITests.swift */,
				631D7B22298626D300EAE5F6 /* NotesUITestsLaunchTests.swift */,
			);
			path = NotesUITests;
			sourceTree = "<group>";
		};
		631D7B2F298626E100EAE5F6 /* Shared */ = {
			isa = PBXGroup;
			children = (
				631D7B30298626E100EAE5F6 /* Model */,
				631D7B32298626E100EAE5F6 /* View */,
			);
			path = Shared;
			sourceTree = "<group>";
		};
		631D7B30298626E100EAE5F6 /* Model */ = {
			isa = PBXGroup;
			children = (
				631D7B31298626E100EAE5F6 /* Note.swift */,
			);
			path = Model;
			sourceTree = "<group>";
		};
		631D7B32298626E100EAE5F6 /* View */ = {
			isa = PBXGroup;
			children = (
				631D7B33298626E100EAE5F6 /* Home.swift */,
				631D7B362986382E00EAE5F6 /* BlurView.swift */,
			);
			path = View;
			sourceTree = "<group>";
		};
		631D7B3D29863CA300EAE5F6 /* Notes(iOS) */ = {
			isa = PBXGroup;
			children = (
				631D7B3E29863CA300EAE5F6 /* Notes_iOS_App.swift */,
				631D7B4229863CA400EAE5F6 /* Assets.xcassets */,
				631D7B4429863CA400EAE5F6 /* Preview Content */,
			);
			path = "Notes(iOS)";
			sourceTree = "<group>";
		};
		631D7B4429863CA400EAE5F6 /* Preview Content */ = {
			isa = PBXGroup;
			children = (
				631D7B4529863CA400EAE5F6 /* Preview Assets.xcassets */,
			);
			path = "Preview Content";
			sourceTree = "<group>";
		};
		631D7B4E29863CA500EAE5F6 /* Notes(iOS)Tests */ = {
			isa = PBXGroup;
			children = (
				631D7B4F29863CA500EAE5F6 /* Notes_iOS_Tests.swift */,
			);
			path = "Notes(iOS)Tests";
			sourceTree = "<group>";
		};
		631D7B5829863CA500EAE5F6 /* Notes(iOS)UITests */ = {
			isa = PBXGroup;
			children = (
				631D7B5929863CA500EAE5F6 /* Notes_iOS_UITests.swift */,
				631D7B5B29863CA500EAE5F6 /* Notes_iOS_UITestsLaunchTests.swift */,
			);
			path = "Notes(iOS)UITests";
			sourceTree = "<group>";
		};
/* End PBXGroup section */

/* Begin PBXNativeTarget section */
		631D7B00298626D100EAE5F6 /* Notes */ = {
			isa = PBXNativeTarget;
			buildConfigurationList = 631D7B26298626D300EAE5F6 /* Build configuration list for PBXNativeTarget "Notes" */;
			buildPhases = (
				631D7AFD298626D100EAE5F6 /* Sources */,
				631D7AFE298626D100EAE5F6 /* Frameworks */,
				631D7AFF298626D100EAE5F6 /* Resources */,
			);
			buildRules = (
			);
			dependencies = (
			);
			name = Notes;
			productName = Notes;
			productReference = 631D7B01298626D100EAE5F6 /* Notes.app */;
			productType = "com.apple.product-type.application";
		};
		631D7B11298626D300EAE5F6 /* NotesTests */ = {
			isa = PBXNativeTarget;
			buildConfigurationList = 631D7B29298626D300EAE5F6 /* Build configuration list for PBXNativeTarget "NotesTests" */;
			buildPhases = (
				631D7B0E298626D300EAE5F6 /* Sources */,
				631D7B0F298626D300EAE5F6 /* Frameworks */,
				631D7B10298626D300EAE5F6 /* Resources */,
			);
			buildRules = (
			);
			dependencies = (
				631D7B14298626D300EAE5F6 /* PBXTargetDependency */,
			);
			name = NotesTests;
			productName = NotesTests;
			productReference = 631D7B12298626D300EAE5F6 /* NotesTests.xctest */;
			productType = "com.apple.product-type.bundle.unit-test";
		};
		631D7B1B298626D300EAE5F6 /* NotesUITests */ = {
			isa = PBXNativeTarget;
			buildConfigurationList = 631D7B2C298626D300EAE5F6 /* Build configuration list for PBXNativeTarget "NotesUITests" */;
			buildPhases = (
				631D7B18298626D300EAE5F6 /* Sources */,
				631D7B19298626D300EAE5F6 /* Frameworks */,
				631D7B1A298626D300EAE5F6 /* Resources */,
			);
			buildRules = (
			);
			dependencies = (
				631D7B1E298626D300EAE5F6 /* PBXTargetDependency */,
			);
			name = NotesUITests;
			productName = NotesUITests;
			productReference = 631D7B1C298626D300EAE5F6 /* NotesUITests.xctest */;
			productType = "com.apple.product-type.bundle.ui-testing";
		};
		631D7B3B29863CA200EAE5F6 /* Notes(iOS) */ = {
			isa = PBXNativeTarget;
			buildConfigurationList = 631D7B5D29863CA500EAE5F6 /* Build configuration list for PBXNativeTarget "Notes(iOS)" */;
			buildPhases = (
				631D7B3829863CA200EAE5F6 /* Sources */,
				631D7B3929863CA200EAE5F6 /* Frameworks */,
				631D7B3A29863CA200EAE5F6 /* Resources */,
			);
			buildRules = (
			);
			dependencies = (
			);
			name = "Notes(iOS)";
			productName = "Notes(iOS)";
			productReference = 631D7B3C29863CA200EAE5F6 /* Notes(iOS).app */;
			productType = "com.apple.product-type.application";
		};
		631D7B4A29863CA400EAE5F6 /* Notes(iOS)Tests */ = {
			isa = PBXNativeTarget;
			buildConfigurationList = 631D7B6029863CA500EAE5F6 /* Build configuration list for PBXNativeTarget "Notes(iOS)Tests" */;
			buildPhases = (
				631D7B4729863CA400EAE5F6 /* Sources */,
				631D7B4829863CA400EAE5F6 /* Frameworks */,
				631D7B4929863CA400EAE5F6 /* Resources */,
			);
			buildRules = (
			);
			dependencies = (
				631D7B4D29863CA400EAE5F6 /* PBXTargetDependency */,
			);
			name = "Notes(iOS)Tests";
			productName = "Notes(iOS)Tests";
			productReference = 631D7B4B29863CA400EAE5F6 /* Notes(iOS)Tests.xctest */;
			productType = "com.apple.product-type.bundle.unit-test";
		};
		631D7B5429863CA500EAE5F6 /* Notes(iOS)UITests */ = {
			isa = PBXNativeTarget;
			buildConfigurationList = 631D7B6329863CA500EAE5F6 /* Build configuration list for PBXNativeTarget "Notes(iOS)UITests" */;
			buildPhases = (
				631D7B5129863CA500EAE5F6 /* Sources */,
				631D7B5229863CA500EAE5F6 /* Frameworks */,
				631D7B5329863CA500EAE5F6 /* Resources */,
			);
			buildRules = (
			);
			dependencies = (
				631D7B5729863CA500EAE5F6 /* PBXTargetDependency */,
			);
			name = "Notes(iOS)UITests";
			productName = "Notes(iOS)UITests";
			productReference = 631D7B5529863CA500EAE5F6 /* Notes(iOS)UITests.xctest */;
			productType = "com.apple.product-type.bundle.ui-testing";
		};
/* End PBXNativeTarget section */

/* Begin PBXProject section */
		631D7AF9298626D100EAE5F6 /* Project object */ = {
			isa = PBXProject;
			attributes = {
				BuildIndependentTargetsInParallel = 1;
				LastSwiftUpdateCheck = 1420;
				LastUpgradeCheck = 1420;
				TargetAttributes = {
					631D7B00298626D100EAE5F6 = {
						CreatedOnToolsVersion = 14.2;
					};
					631D7B11298626D300EAE5F6 = {
						CreatedOnToolsVersion = 14.2;
						TestTargetID = 631D7B00298626D100EAE5F6;
					};
					631D7B1B298626D300EAE5F6 = {
						CreatedOnToolsVersion = 14.2;
						TestTargetID = 631D7B00298626D100EAE5F6;
					};
					631D7B3B29863CA200EAE5F6 = {
						CreatedOnToolsVersion = 14.2;
					};
					631D7B4A29863CA400EAE5F6 = {
						CreatedOnToolsVersion = 14.2;
						TestTargetID = 631D7B3B29863CA200EAE5F6;
					};
					631D7B5429863CA500EAE5F6 = {
						CreatedOnToolsVersion = 14.2;
						TestTargetID = 631D7B3B29863CA200EAE5F6;
					};
				};
			};
			buildConfigurationList = 631D7AFC298626D100EAE5F6 /* Build configuration list for PBXProject "Notes" */;
			compatibilityVersion = "Xcode 14.0";
			developmentRegion = en;
			hasScannedForEncodings = 0;
			knownRegions = (
				en,
				Base,
			);
			mainGroup = 631D7AF8298626D100EAE5F6;
			productRefGroup = 631D7B02298626D100EAE5F6 /* Products */;
			projectDirPath = "";
			projectRoot = "";
			targets = (
				631D7B00298626D100EAE5F6 /* Notes */,
				631D7B11298626D300EAE5F6 /* NotesTests */,
				631D7B1B298626D300EAE5F6 /* NotesUITests */,
				631D7B3B29863CA200EAE5F6 /* Notes(iOS) */,
				631D7B4A29863CA400EAE5F6 /* Notes(iOS)Tests */,
				631D7B5429863CA500EAE5F6 /* Notes(iOS)UITests */,
			);
		};
/* End PBXProject section */

/* Begin PBXResourcesBuildPhase section */
		631D7AFF298626D100EAE5F6 /* Resources */ = {
			isa = PBXResourcesBuildPhase;
			buildActionMask = 2147483647;
			files = (
				631D7B0D298626D300EAE5F6 /* Preview Assets.xcassets in Resources */,
				631D7B09298626D300EAE5F6 /* Assets.xcassets in Resources */,
			);
			runOnlyForDeploymentPostprocessing = 0;
		};
		631D7B10298626D300EAE5F6 /* Resources */ = {
			isa = PBXResourcesBuildPhase;
			buildActionMask = 2147483647;
			files = (
			);
			runOnlyForDeploymentPostprocessing = 0;
		};
		631D7B1A298626D300EAE5F6 /* Resources */ = {
			isa = PBXResourcesBuildPhase;
			buildActionMask = 2147483647;
			files = (
			);
			runOnlyForDeploymentPostprocessing = 0;
		};
		631D7B3A29863CA200EAE5F6 /* Resources */ = {
			isa = PBXResourcesBuildPhase;
			buildActionMask = 2147483647;
			files = (
				631D7B4629863CA400EAE5F6 /* Preview Assets.xcassets in Resources */,
				631D7B4329863CA400EAE5F6 /* Assets.xcassets in Resources */,
			);
			runOnlyForDeploymentPostprocessing = 0;
		};
		631D7B4929863CA400EAE5F6 /* Resources */ = {
			isa = PBXResourcesBuildPhase;
			buildActionMask = 2147483647;
			files = (
			);
			runOnlyForDeploymentPostprocessing = 0;
		};
		631D7B5329863CA500EAE5F6 /* Resources */ = {
			isa = PBXResourcesBuildPhase;
			buildActionMask = 2147483647;
			files = (
			);
			runOnlyForDeploymentPostprocessing = 0;
		};
/* End PBXResourcesBuildPhase section */

/* Begin PBXSourcesBuildPhase section */
		631D7AFD298626D100EAE5F6 /* Sources */ = {
			isa = PBXSourcesBuildPhase;
			buildActionMask = 2147483647;
			files = (
				631D7B07298626D100EAE5F6 /* ContentView.swift in Sources */,
				631D7B05298626D100EAE5F6 /* NotesApp.swift in Sources */,
				631D7B35298626E100EAE5F6 /* Home.swift in Sources */,
				631D7B34298626E100EAE5F6 /* Note.swift in Sources */,
			);
			runOnlyForDeploymentPostprocessing = 0;
		};
		631D7B0E298626D300EAE5F6 /* Sources */ = {
			isa = PBXSourcesBuildPhase;
			buildActionMask = 2147483647;
			files = (
				631D7B17298626D300EAE5F6 /* NotesTests.swift in Sources */,
			);
			runOnlyForDeploymentPostprocessing = 0;
		};
		631D7B18298626D300EAE5F6 /* Sources */ = {
			isa = PBXSourcesBuildPhase;
			buildActionMask = 2147483647;
			files = (
				631D7B23298626D300EAE5F6 /* NotesUITestsLaunchTests.swift in Sources */,
				631D7B21298626D300EAE5F6 /* NotesUITests.swift in Sources */,
			);
			runOnlyForDeploymentPostprocessing = 0;
		};
		631D7B3829863CA200EAE5F6 /* Sources */ = {
			isa = PBXSourcesBuildPhase;
			buildActionMask = 2147483647;
			files = (
				631D7B3F29863CA300EAE5F6 /* Notes_iOS_App.swift in Sources */,
				631D7B6A29863D0E00EAE5F6 /* ContentView.swift in Sources */,
				631D7B6829863CDF00EAE5F6 /* Home.swift in Sources */,
				631D7B6629863CB400EAE5F6 /* BlurView.swift in Sources */,
				631D7B6729863CDC00EAE5F6 /* Note.swift in Sources */,
			);
			runOnlyForDeploymentPostprocessing = 0;
		};
		631D7B4729863CA400EAE5F6 /* Sources */ = {
			isa = PBXSourcesBuildPhase;
			buildActionMask = 2147483647;
			files = (
				631D7B5029863CA500EAE5F6 /* Notes_iOS_Tests.swift in Sources */,
			);
			runOnlyForDeploymentPostprocessing = 0;
		};
		631D7B5129863CA500EAE5F6 /* Sources */ = {
			isa = PBXSourcesBuildPhase;
			buildActionMask = 2147483647;
			files = (
				631D7B5C29863CA500EAE5F6 /* Notes_iOS_UITestsLaunchTests.swift in Sources */,
				631D7B5A29863CA500EAE5F6 /* Notes_iOS_UITests.swift in Sources */,
			);
			runOnlyForDeploymentPostprocessing = 0;
		};
/* End PBXSourcesBuildPhase section */

/* Begin PBXTargetDependency section */
		631D7B14298626D300EAE5F6 /* PBXTargetDependency */ = {
			isa = PBXTargetDependency;
			target = 631D7B00298626D100EAE5F6 /* Notes */;
			targetProxy = 631D7B13298626D300EAE5F6 /* PBXContainerItemProxy */;
		};
		631D7B1E298626D300EAE5F6 /* PBXTargetDependency */ = {
			isa = PBXTargetDependency;
			target = 631D7B00298626D100EAE5F6 /* Notes */;
			targetProxy = 631D7B1D298626D300EAE5F6 /* PBXContainerItemProxy */;
		};
		631D7B4D29863CA400EAE5F6 /* PBXTargetDependency */ = {
			isa = PBXTargetDependency;
			target = 631D7B3B29863CA200EAE5F6 /* Notes(iOS) */;
			targetProxy = 631D7B4C29863CA400EAE5F6 /* PBXContainerItemProxy */;
		};
		631D7B5729863CA500EAE5F6 /* PBXTargetDependency */ = {
			isa = PBXTargetDependency;
			target = 631D7B3B29863CA200EAE5F6 /* Notes(iOS) */;
			targetProxy = 631D7B5629863CA500EAE5F6 /* PBXContainerItemProxy */;
		};
/* End PBXTargetDependency section */

/* Begin XCBuildConfiguration section */
		631D7B24298626D300EAE5F6 /* Debug */ = {
			isa = XCBuildConfiguration;
			buildSettings = {
				ALWAYS_SEARCH_USER_PATHS = NO;
				CLANG_ANALYZER_NONNULL = YES;
				CLANG_ANALYZER_NUMBER_OBJECT_CONVERSION = YES_AGGRESSIVE;
				CLANG_CXX_LANGUAGE_STANDARD = "gnu++20";
				CLANG_ENABLE_MODULES = YES;
				CLANG_ENABLE_OBJC_ARC = YES;
				CLANG_ENABLE_OBJC_WEAK = YES;
				CLANG_WARN_BLOCK_CAPTURE_AUTORELEASING = YES;
				CLANG_WARN_BOOL_CONVERSION = YES;
				CLANG_WARN_COMMA = YES;
				CLANG_WARN_CONSTANT_CONVERSION = YES;
				CLANG_WARN_DEPRECATED_OBJC_IMPLEMENTATIONS = YES;
				CLANG_WARN_DIRECT_OBJC_ISA_USAGE = YES_ERROR;
				CLANG_WARN_DOCUMENTATION_COMMENTS = YES;
				CLANG_WARN_EMPTY_BODY = YES;
				CLANG_WARN_ENUM_CONVERSION = YES;
				CLANG_WARN_INFINITE_RECURSION = YES;
				CLANG_WARN_INT_CONVERSION = YES;
				CLANG_WARN_NON_LITERAL_NULL_CONVERSION = YES;
				CLANG_WARN_OBJC_IMPLICIT_RETAIN_SELF = YES;
				CLANG_WARN_OBJC_LITERAL_CONVERSION = YES;
				CLANG_WARN_OBJC_ROOT_CLASS = YES_ERROR;
				CLANG_WARN_QUOTED_INCLUDE_IN_FRAMEWORK_HEADER = YES;
				CLANG_WARN_RANGE_LOOP_ANALYSIS = YES;
				CLANG_WARN_STRICT_PROTOTYPES = YES;
				CLANG_WARN_SUSPICIOUS_MOVE = YES;
				CLANG_WARN_UNGUARDED_AVAILABILITY = YES_AGGRESSIVE;
				CLANG_WARN_UNREACHABLE_CODE = YES;
				CLANG_WARN__DUPLICATE_METHOD_MATCH = YES;
				COPY_PHASE_STRIP = NO;
				DEBUG_INFORMATION_FORMAT = dwarf;
				ENABLE_STRICT_OBJC_MSGSEND = YES;
				ENABLE_TESTABILITY = YES;
				GCC_C_LANGUAGE_STANDARD = gnu11;
				GCC_DYNAMIC_NO_PIC = NO;
				GCC_NO_COMMON_BLOCKS = YES;
				GCC_OPTIMIZATION_LEVEL = 0;
				GCC_PREPROCESSOR_DEFINITIONS = (
					"DEBUG=1",
					"$(inherited)",
				);
				GCC_WARN_64_TO_32_BIT_CONVERSION = YES;
				GCC_WARN_ABOUT_RETURN_TYPE = YES_ERROR;
				GCC_WARN_UNDECLARED_SELECTOR = YES;
				GCC_WARN_UNINITIALIZED_AUTOS = YES_AGGRESSIVE;
				GCC_WARN_UNUSED_FUNCTION = YES;
				GCC_WARN_UNUSED_VARIABLE = YES;
				MTL_ENABLE_DEBUG_INFO = INCLUDE_SOURCE;
				MTL_FAST_MATH = YES;
				ONLY_ACTIVE_ARCH = YES;
				SWIFT_ACTIVE_COMPILATION_CONDITIONS = DEBUG;
				SWIFT_OPTIMIZATION_LEVEL = "-Onone";
			};
			name = Debug;
		};
		631D7B25298626D300EAE5F6 /* Release */ = {
			isa = XCBuildConfiguration;
			buildSettings = {
				ALWAYS_SEARCH_USER_PATHS = NO;
				CLANG_ANALYZER_NONNULL = YES;
				CLANG_ANALYZER_NUMBER_OBJECT_CONVERSION = YES_AGGRESSIVE;
				CLANG_CXX_LANGUAGE_STANDARD = "gnu++20";
				CLANG_ENABLE_MODULES = YES;
				CLANG_ENABLE_OBJC_ARC = YES;
				CLANG_ENABLE_OBJC_WEAK = YES;
				CLANG_WARN_BLOCK_CAPTURE_AUTORELEASING = YES;
				CLANG_WARN_BOOL_CONVERSION = YES;
				CLANG_WARN_COMMA = YES;
				CLANG_WARN_CONSTANT_CONVERSION = YES;
				CLANG_WARN_DEPRECATED_OBJC_IMPLEMENTATIONS = YES;
				CLANG_WARN_DIRECT_OBJC_ISA_USAGE = YES_ERROR;
				CLANG_WARN_DOCUMENTATION_COMMENTS = YES;
				CLANG_WARN_EMPTY_BODY = YES;
				CLANG_WARN_ENUM_CONVERSION = YES;
				CLANG_WARN_INFINITE_RECURSION = YES;
				CLANG_WARN_INT_CONVERSION = YES;
				CLANG_WARN_NON_LITERAL_NULL_CONVERSION = YES;
				CLANG_WARN_OBJC_IMPLICIT_RETAIN_SELF = YES;
				CLANG_WARN_OBJC_LITERAL_CONVERSION = YES;
				CLANG_WARN_OBJC_ROOT_CLASS = YES_ERROR;
				CLANG_WARN_QUOTED_INCLUDE_IN_FRAMEWORK_HEADER = YES;
				CLANG_WARN_RANGE_LOOP_ANALYSIS = YES;
				CLANG_WARN_STRICT_PROTOTYPES = YES;
				CLANG_WARN_SUSPICIOUS_MOVE = YES;
				CLANG_WARN_UNGUARDED_AVAILABILITY = YES_AGGRESSIVE;
				CLANG_WARN_UNREACHABLE_CODE = YES;
				CLANG_WARN__DUPLICATE_METHOD_MATCH = YES;
				COPY_PHASE_STRIP = NO;
				DEBUG_INFORMATION_FORMAT = "dwarf-with-dsym";
				ENABLE_NS_ASSERTIONS = NO;
				ENABLE_STRICT_OBJC_MSGSEND = YES;
				GCC_C_LANGUAGE_STANDARD = gnu11;
				GCC_NO_COMMON_BLOCKS = YES;
				GCC_WARN_64_TO_32_BIT_CONVERSION = YES;
				GCC_WARN_ABOUT_RETURN_TYPE = YES_ERROR;
				GCC_WARN_UNDECLARED_SELECTOR = YES;
				GCC_WARN_UNINITIALIZED_AUTOS = YES_AGGRESSIVE;
				GCC_WARN_UNUSED_FUNCTION = YES;
				GCC_WARN_UNUSED_VARIABLE = YES;
				MTL_ENABLE_DEBUG_INFO = NO;
				MTL_FAST_MATH = YES;
				SWIFT_COMPILATION_MODE = wholemodule;
				SWIFT_OPTIMIZATION_LEVEL = "-O";
			};
			name = Release;
		};
		631D7B27298626D300EAE5F6 /* Debug */ = {
			isa = XCBuildConfiguration;
			buildSettings = {
				ASSETCATALOG_COMPILER_APPICON_NAME = AppIcon;
				ASSETCATALOG_COMPILER_GLOBAL_ACCENT_COLOR_NAME = AccentColor;
				CODE_SIGN_ENTITLEMENTS = Notes/Notes.entitlements;
				CODE_SIGN_STYLE = Automatic;
				CURRENT_PROJECT_VERSION = 1;
				DEVELOPMENT_ASSET_PATHS = "\"Notes/Preview Content\"";
				DEVELOPMENT_TEAM = P5M2XEQ4ZK;
				ENABLE_HARDENED_RUNTIME = YES;
				ENABLE_PREVIEWS = YES;
				GENERATE_INFOPLIST_FILE = YES;
				"INFOPLIST_KEY_UIApplicationSceneManifest_Generation[sdk=iphoneos*]" = YES;
				"INFOPLIST_KEY_UIApplicationSceneManifest_Generation[sdk=iphonesimulator*]" = YES;
				"INFOPLIST_KEY_UIApplicationSupportsIndirectInputEvents[sdk=iphoneos*]" = YES;
				"INFOPLIST_KEY_UIApplicationSupportsIndirectInputEvents[sdk=iphonesimulator*]" = YES;
				"INFOPLIST_KEY_UILaunchScreen_Generation[sdk=iphoneos*]" = YES;
				"INFOPLIST_KEY_UILaunchScreen_Generation[sdk=iphonesimulator*]" = YES;
				"INFOPLIST_KEY_UIStatusBarStyle[sdk=iphoneos*]" = UIStatusBarStyleDefault;
				"INFOPLIST_KEY_UIStatusBarStyle[sdk=iphonesimulator*]" = UIStatusBarStyleDefault;
				INFOPLIST_KEY_UISupportedInterfaceOrientations_iPad = "UIInterfaceOrientationPortrait UIInterfaceOrientationPortraitUpsideDown UIInterfaceOrientationLandscapeLeft UIInterfaceOrientationLandscapeRight";
				INFOPLIST_KEY_UISupportedInterfaceOrientations_iPhone = "UIInterfaceOrientationPortrait UIInterfaceOrientationLandscapeLeft UIInterfaceOrientationLandscapeRight";
				IPHONEOS_DEPLOYMENT_TARGET = 16.0;
				LD_RUNPATH_SEARCH_PATHS = "@executable_path/Frameworks";
				"LD_RUNPATH_SEARCH_PATHS[sdk=macosx*]" = "@executable_path/../Frameworks";
				MACOSX_DEPLOYMENT_TARGET = 13.0;
				MARKETING_VERSION = 1.0;
				PRODUCT_BUNDLE_IDENTIFIER = com.tencent.henrytest.Notes;
				PRODUCT_NAME = "$(TARGET_NAME)";
				SDKROOT = auto;
				SUPPORTED_PLATFORMS = macosx;
				SUPPORTS_MACCATALYST = NO;
				SUPPORTS_MAC_DESIGNED_FOR_IPHONE_IPAD = NO;
				SWIFT_EMIT_LOC_STRINGS = YES;
				SWIFT_VERSION = 5.0;
			};
			name = Debug;
		};
		631D7B28298626D300EAE5F6 /* Release */ = {
			isa = XCBuildConfiguration;
			buildSettings = {
				ASSETCATALOG_COMPILER_APPICON_NAME = AppIcon;
				ASSETCATALOG_COMPILER_GLOBAL_ACCENT_COLOR_NAME = AccentColor;
				CODE_SIGN_ENTITLEMENTS = Notes/Notes.entitlements;
				CODE_SIGN_STYLE = Automatic;
				CURRENT_PROJECT_VERSION = 1;
				DEVELOPMENT_ASSET_PATHS = "\"Notes/Preview Content\"";
				DEVELOPMENT_TEAM = P5M2XEQ4ZK;
				ENABLE_HARDENED_RUNTIME = YES;
				ENABLE_PREVIEWS = YES;
				GENERATE_INFOPLIST_FILE = YES;
				"INFOPLIST_KEY_UIApplicationSceneManifest_Generation[sdk=iphoneos*]" = YES;
				"INFOPLIST_KEY_UIApplicationSceneManifest_Generation[sdk=iphonesimulator*]" = YES;
				"INFOPLIST_KEY_UIApplicationSupportsIndirectInputEvents[sdk=iphoneos*]" = YES;
				"INFOPLIST_KEY_UIApplicationSupportsIndirectInputEvents[sdk=iphonesimulator*]" = YES;
				"INFOPLIST_KEY_UILaunchScreen_Generation[sdk=iphoneos*]" = YES;
				"INFOPLIST_KEY_UILaunchScreen_Generation[sdk=iphonesimulator*]" = YES;
				"INFOPLIST_KEY_UIStatusBarStyle[sdk=iphoneos*]" = UIStatusBarStyleDefault;
				"INFOPLIST_KEY_UIStatusBarStyle[sdk=iphonesimulator*]" = UIStatusBarStyleDefault;
				INFOPLIST_KEY_UISupportedInterfaceOrientations_iPad = "UIInterfaceOrientationPortrait UIInterfaceOrientationPortraitUpsideDown UIInterfaceOrientationLandscapeLeft UIInterfaceOrientationLandscapeRight";
				INFOPLIST_KEY_UISupportedInterfaceOrientations_iPhone = "UIInterfaceOrientationPortrait UIInterfaceOrientationLandscapeLeft UIInterfaceOrientationLandscapeRight";
				IPHONEOS_DEPLOYMENT_TARGET = 16.0;
				LD_RUNPATH_SEARCH_PATHS = "@executable_path/Frameworks";
				"LD_RUNPATH_SEARCH_PATHS[sdk=macosx*]" = "@executable_path/../Frameworks";
				MACOSX_DEPLOYMENT_TARGET = 13.0;
				MARKETING_VERSION = 1.0;
				PRODUCT_BUNDLE_IDENTIFIER = com.tencent.henrytest.Notes;
				PRODUCT_NAME = "$(TARGET_NAME)";
				SDKROOT = auto;
				SUPPORTED_PLATFORMS = macosx;
				SUPPORTS_MACCATALYST = NO;
				SUPPORTS_MAC_DESIGNED_FOR_IPHONE_IPAD = NO;
				SWIFT_EMIT_LOC_STRINGS = YES;
				SWIFT_VERSION = 5.0;
			};
			name = Release;
		};
		631D7B2A298626D300EAE5F6 /* Debug */ = {
			isa = XCBuildConfiguration;
			buildSettings = {
				ALWAYS_EMBED_SWIFT_STANDARD_LIBRARIES = YES;
				BUNDLE_LOADER = "$(TEST_HOST)";
				CODE_SIGN_STYLE = Automatic;
				CURRENT_PROJECT_VERSION = 1;
				DEVELOPMENT_TEAM = P5M2XEQ4ZK;
				GENERATE_INFOPLIST_FILE = YES;
				IPHONEOS_DEPLOYMENT_TARGET = 16.2;
				MACOSX_DEPLOYMENT_TARGET = 13.0;
				MARKETING_VERSION = 1.0;
				PRODUCT_BUNDLE_IDENTIFIER = com.tencent.henrytest.NotesTests;
				PRODUCT_NAME = "$(TARGET_NAME)";
				SDKROOT = auto;
				SUPPORTED_PLATFORMS = "iphoneos iphonesimulator macosx";
				SWIFT_EMIT_LOC_STRINGS = NO;
				SWIFT_VERSION = 5.0;
				TARGETED_DEVICE_FAMILY = "1,2";
				TEST_HOST = "$(BUILT_PRODUCTS_DIR)/Notes.app/$(BUNDLE_EXECUTABLE_FOLDER_PATH)/Notes";
			};
			name = Debug;
		};
		631D7B2B298626D300EAE5F6 /* Release */ = {
			isa = XCBuildConfiguration;
			buildSettings = {
				ALWAYS_EMBED_SWIFT_STANDARD_LIBRARIES = YES;
				BUNDLE_LOADER = "$(TEST_HOST)";
				CODE_SIGN_STYLE = Automatic;
				CURRENT_PROJECT_VERSION = 1;
				DEVELOPMENT_TEAM = P5M2XEQ4ZK;
				GENERATE_INFOPLIST_FILE = YES;
				IPHONEOS_DEPLOYMENT_TARGET = 16.2;
				MACOSX_DEPLOYMENT_TARGET = 13.0;
				MARKETING_VERSION = 1.0;
				PRODUCT_BUNDLE_IDENTIFIER = com.tencent.henrytest.NotesTests;
				PRODUCT_NAME = "$(TARGET_NAME)";
				SDKROOT = auto;
				SUPPORTED_PLATFORMS = "iphoneos iphonesimulator macosx";
				SWIFT_EMIT_LOC_STRINGS = NO;
				SWIFT_VERSION = 5.0;
				TARGETED_DEVICE_FAMILY = "1,2";
				TEST_HOST = "$(BUILT_PRODUCTS_DIR)/Notes.app/$(BUNDLE_EXECUTABLE_FOLDER_PATH)/Notes";
			};
			name = Release;
		};
		631D7B2D298626D300EAE5F6 /* Debug */ = {
			isa = XCBuildConfiguration;
			buildSettings = {
				ALWAYS_EMBED_SWIFT_STANDARD_LIBRARIES = YES;
				CODE_SIGN_STYLE = Automatic;
				CURRENT_PROJECT_VERSION = 1;
				DEVELOPMENT_TEAM = P5M2XEQ4ZK;
				GENERATE_INFOPLIST_FILE = YES;
				IPHONEOS_DEPLOYMENT_TARGET = 16.2;
				MACOSX_DEPLOYMENT_TARGET = 13.0;
				MARKETING_VERSION = 1.0;
				PRODUCT_BUNDLE_IDENTIFIER = com.tencent.henrytest.NotesUITests;
				PRODUCT_NAME = "$(TARGET_NAME)";
				SDKROOT = auto;
				SUPPORTED_PLATFORMS = "iphoneos iphonesimulator macosx";
				SWIFT_EMIT_LOC_STRINGS = NO;
				SWIFT_VERSION = 5.0;
				TARGETED_DEVICE_FAMILY = "1,2";
				TEST_TARGET_NAME = Notes;
			};
			name = Debug;
		};
		631D7B2E298626D300EAE5F6 /* Release */ = {
			isa = XCBuildConfiguration;
			buildSettings = {
				ALWAYS_EMBED_SWIFT_STANDARD_LIBRARIES = YES;
				CODE_SIGN_STYLE = Automatic;
				CURRENT_PROJECT_VERSION = 1;
				DEVELOPMENT_TEAM = P5M2XEQ4ZK;
				GENERATE_INFOPLIST_FILE = YES;
				IPHONEOS_DEPLOYMENT_TARGET = 16.2;
				MACOSX_DEPLOYMENT_TARGET = 13.0;
				MARKETING_VERSION = 1.0;
				PRODUCT_BUNDLE_IDENTIFIER = com.tencent.henrytest.NotesUITests;
				PRODUCT_NAME = "$(TARGET_NAME)";
				SDKROOT = auto;
				SUPPORTED_PLATFORMS = "iphoneos iphonesimulator macosx";
				SWIFT_EMIT_LOC_STRINGS = NO;
				SWIFT_VERSION = 5.0;
				TARGETED_DEVICE_FAMILY = "1,2";
				TEST_TARGET_NAME = Notes;
			};
			name = Release;
		};
		631D7B5E29863CA500EAE5F6 /* Debug */ = {
			isa = XCBuildConfiguration;
			buildSettings = {
				ASSETCATALOG_COMPILER_APPICON_NAME = AppIcon;
				ASSETCATALOG_COMPILER_GLOBAL_ACCENT_COLOR_NAME = AccentColor;
				CODE_SIGN_STYLE = Automatic;
				CURRENT_PROJECT_VERSION = 1;
				DEVELOPMENT_ASSET_PATHS = "\"Notes(iOS)/Preview Content\"";
				DEVELOPMENT_TEAM = P5M2XEQ4ZK;
				ENABLE_PREVIEWS = YES;
				GENERATE_INFOPLIST_FILE = YES;
				INFOPLIST_KEY_UIApplicationSceneManifest_Generation = YES;
				INFOPLIST_KEY_UIApplicationSupportsIndirectInputEvents = YES;
				INFOPLIST_KEY_UILaunchScreen_Generation = YES;
				INFOPLIST_KEY_UISupportedInterfaceOrientations_iPad = "UIInterfaceOrientationPortrait UIInterfaceOrientationPortraitUpsideDown UIInterfaceOrientationLandscapeLeft UIInterfaceOrientationLandscapeRight";
				INFOPLIST_KEY_UISupportedInterfaceOrientations_iPhone = "UIInterfaceOrientationPortrait UIInterfaceOrientationLandscapeLeft UIInterfaceOrientationLandscapeRight";
				IPHONEOS_DEPLOYMENT_TARGET = 16.2;
				LD_RUNPATH_SEARCH_PATHS = (
					"$(inherited)",
					"@executable_path/Frameworks",
				);
				MARKETING_VERSION = 1.0;
				PRODUCT_BUNDLE_IDENTIFIER = "com.tencent.henrytest.Notes-iOS-";
				PRODUCT_NAME = "$(TARGET_NAME)";
				SDKROOT = iphoneos;
				SWIFT_EMIT_LOC_STRINGS = YES;
				SWIFT_VERSION = 5.0;
				TARGETED_DEVICE_FAMILY = "1,2";
			};
			name = Debug;
		};
		631D7B5F29863CA500EAE5F6 /* Release */ = {
			isa = XCBuildConfiguration;
			buildSettings = {
				ASSETCATALOG_COMPILER_APPICON_NAME = AppIcon;
				ASSETCATALOG_COMPILER_GLOBAL_ACCENT_COLOR_NAME = AccentColor;
				CODE_SIGN_STYLE = Automatic;
				CURRENT_PROJECT_VERSION = 1;
				DEVELOPMENT_ASSET_PATHS = "\"Notes(iOS)/Preview Content\"";
				DEVELOPMENT_TEAM = P5M2XEQ4ZK;
				ENABLE_PREVIEWS = YES;
				GENERATE_INFOPLIST_FILE = YES;
				INFOPLIST_KEY_UIApplicationSceneManifest_Generation = YES;
				INFOPLIST_KEY_UIApplicationSupportsIndirectInputEvents = YES;
				INFOPLIST_KEY_UILaunchScreen_Generation = YES;
				INFOPLIST_KEY_UISupportedInterfaceOrientations_iPad = "UIInterfaceOrientationPortrait UIInterfaceOrientationPortraitUpsideDown UIInterfaceOrientationLandscapeLeft UIInterfaceOrientationLandscapeRight";
				INFOPLIST_KEY_UISupportedInterfaceOrientations_iPhone = "UIInterfaceOrientationPortrait UIInterfaceOrientationLandscapeLeft UIInterfaceOrientationLandscapeRight";
				IPHONEOS_DEPLOYMENT_TARGET = 16.2;
				LD_RUNPATH_SEARCH_PATHS = (
					"$(inherited)",
					"@executable_path/Frameworks",
				);
				MARKETING_VERSION = 1.0;
				PRODUCT_BUNDLE_IDENTIFIER = "com.tencent.henrytest.Notes-iOS-";
				PRODUCT_NAME = "$(TARGET_NAME)";
				SDKROOT = iphoneos;
				SWIFT_EMIT_LOC_STRINGS = YES;
				SWIFT_VERSION = 5.0;
				TARGETED_DEVICE_FAMILY = "1,2";
				VALIDATE_PRODUCT = YES;
			};
			name = Release;
		};
		631D7B6129863CA500EAE5F6 /* Debug */ = {
			isa = XCBuildConfiguration;
			buildSettings = {
				ALWAYS_EMBED_SWIFT_STANDARD_LIBRARIES = YES;
				BUNDLE_LOADER = "$(TEST_HOST)";
				CODE_SIGN_STYLE = Automatic;
				CURRENT_PROJECT_VERSION = 1;
				DEVELOPMENT_TEAM = P5M2XEQ4ZK;
				GENERATE_INFOPLIST_FILE = YES;
				IPHONEOS_DEPLOYMENT_TARGET = 16.2;
				MARKETING_VERSION = 1.0;
				PRODUCT_BUNDLE_IDENTIFIER = "com.tencent.henrytest.Notes-iOS-Tests";
				PRODUCT_NAME = "$(TARGET_NAME)";
				SDKROOT = iphoneos;
				SWIFT_EMIT_LOC_STRINGS = NO;
				SWIFT_VERSION = 5.0;
				TARGETED_DEVICE_FAMILY = "1,2";
				TEST_HOST = "$(BUILT_PRODUCTS_DIR)/Notes(iOS).app/$(BUNDLE_EXECUTABLE_FOLDER_PATH)/Notes(iOS)";
			};
			name = Debug;
		};
		631D7B6229863CA500EAE5F6 /* Release */ = {
			isa = XCBuildConfiguration;
			buildSettings = {
				ALWAYS_EMBED_SWIFT_STANDARD_LIBRARIES = YES;
				BUNDLE_LOADER = "$(TEST_HOST)";
				CODE_SIGN_STYLE = Automatic;
				CURRENT_PROJECT_VERSION = 1;
				DEVELOPMENT_TEAM = P5M2XEQ4ZK;
				GENERATE_INFOPLIST_FILE = YES;
				IPHONEOS_DEPLOYMENT_TARGET = 16.2;
				MARKETING_VERSION = 1.0;
				PRODUCT_BUNDLE_IDENTIFIER = "com.tencent.henrytest.Notes-iOS-Tests";
				PRODUCT_NAME = "$(TARGET_NAME)";
				SDKROOT = iphoneos;
				SWIFT_EMIT_LOC_STRINGS = NO;
				SWIFT_VERSION = 5.0;
				TARGETED_DEVICE_FAMILY = "1,2";
				TEST_HOST = "$(BUILT_PRODUCTS_DIR)/Notes(iOS).app/$(BUNDLE_EXECUTABLE_FOLDER_PATH)/Notes(iOS)";
				VALIDATE_PRODUCT = YES;
			};
			name = Release;
		};
		631D7B6429863CA500EAE5F6 /* Debug */ = {
			isa = XCBuildConfiguration;
			buildSettings = {
				ALWAYS_EMBED_SWIFT_STANDARD_LIBRARIES = YES;
				CODE_SIGN_STYLE = Automatic;
				CURRENT_PROJECT_VERSION = 1;
				DEVELOPMENT_TEAM = P5M2XEQ4ZK;
				GENERATE_INFOPLIST_FILE = YES;
				IPHONEOS_DEPLOYMENT_TARGET = 16.2;
				MARKETING_VERSION = 1.0;
				PRODUCT_BUNDLE_IDENTIFIER = "com.tencent.henrytest.Notes-iOS-UITests";
				PRODUCT_NAME = "$(TARGET_NAME)";
				SDKROOT = iphoneos;
				SWIFT_EMIT_LOC_STRINGS = NO;
				SWIFT_VERSION = 5.0;
				TARGETED_DEVICE_FAMILY = "1,2";
				TEST_TARGET_NAME = "Notes(iOS)";
			};
			name = Debug;
		};
		631D7B6529863CA500EAE5F6 /* Release */ = {
			isa = XCBuildConfiguration;
			buildSettings = {
				ALWAYS_EMBED_SWIFT_STANDARD_LIBRARIES = YES;
				CODE_SIGN_STYLE = Automatic;
				CURRENT_PROJECT_VERSION = 1;
				DEVELOPMENT_TEAM = P5M2XEQ4ZK;
				GENERATE_INFOPLIST_FILE = YES;
				IPHONEOS_DEPLOYMENT_TARGET = 16.2;
				MARKETING_VERSION = 1.0;
				PRODUCT_BUNDLE_IDENTIFIER = "com.tencent.henrytest.Notes-iOS-UITests";
				PRODUCT_NAME = "$(TARGET_NAME)";
				SDKROOT = iphoneos;
				SWIFT_EMIT_LOC_STRINGS = NO;
				SWIFT_VERSION = 5.0;
				TARGETED_DEVICE_FAMILY = "1,2";
				TEST_TARGET_NAME = "Notes(iOS)";
				VALIDATE_PRODUCT = YES;
			};
			name = Release;
		};
/* End XCBuildConfiguration section */

/* Begin XCConfigurationList section */
		631D7AFC298626D100EAE5F6 /* Build configuration list for PBXProject "Notes" */ = {
			isa = XCConfigurationList;
			buildConfigurations = (
				631D7B24298626D300EAE5F6 /* Debug */,
				631D7B25298626D300EAE5F6 /* Release */,
			);
			defaultConfigurationIsVisible = 0;
			defaultConfigurationName = Release;
		};
		631D7B26298626D300EAE5F6 /* Build configuration list for PBXNativeTarget "Notes" */ = {
			isa = XCConfigurationList;
			buildConfigurations = (
				631D7B27298626D300EAE5F6 /* Debug */,
				631D7B28298626D300EAE5F6 /* Release */,
			);
			defaultConfigurationIsVisible = 0;
			defaultConfigurationName = Release;
		};
		631D7B29298626D300EAE5F6 /* Build configuration list for PBXNativeTarget "NotesTests" */ = {
			isa = XCConfigurationList;
			buildConfigurations = (
				631D7B2A298626D300EAE5F6 /* Debug */,
				631D7B2B298626D300EAE5F6 /* Release */,
			);
			defaultConfigurationIsVisible = 0;
			defaultConfigurationName = Release;
		};
		631D7B2C298626D300EAE5F6 /* Build configuration list for PBXNativeTarget "NotesUITests" */ = {
			isa = XCConfigurationList;
			buildConfigurations = (
				631D7B2D298626D300EAE5F6 /* Debug */,
				631D7B2E298626D300EAE5F6 /* Release */,
			);
			defaultConfigurationIsVisible = 0;
			defaultConfigurationName = Release;
		};
		631D7B5D29863CA500EAE5F6 /* Build configuration list for PBXNativeTarget "Notes(iOS)" */ = {
			isa = XCConfigurationList;
			buildConfigurations = (
				631D7B5E29863CA500EAE5F6 /* Debug */,
				631D7B5F29863CA500EAE5F6 /* Release */,
			);
			defaultConfigurationIsVisible = 0;
			defaultConfigurationName = Release;
		};
		631D7B6029863CA500EAE5F6 /* Build configuration list for PBXNativeTarget "Notes(iOS)Tests" */ = {
			isa = XCConfigurationList;
			buildConfigurations = (
				631D7B6129863CA500EAE5F6 /* Debug */,
				631D7B6229863CA500EAE5F6 /* Release */,
			);
			defaultConfigurationIsVisible = 0;
			defaultConfigurationName = Release;
		};
		631D7B6329863CA500EAE5F6 /* Build configuration list for PBXNativeTarget "Notes(iOS)UITests" */ = {
			isa = XCConfigurationList;
			buildConfigurations = (
				631D7B6429863CA500EAE5F6 /* Debug */,
				631D7B6529863CA500EAE5F6 /* Release */,
			);
			defaultConfigurationIsVisible = 0;
			defaultConfigurationName = Release;
		};
/* End XCConfigurationList section */
	};
	rootObject = 631D7AF9298626D100EAE5F6 /* Project object */;
}
